
Microsoft Visual Studio Solution File, Format Version 12.00
# Visual Studio Version 17
VisualStudioVersion = 17.2.32630.192
MinimumVisualStudioVersion = 10.0.40219.1
Project("{9A19103F-16F7-4668-BE54-9A1E7A4F7556}") = "Bookstore.Data", "Bookstore.Data\Bookstore.Data.csproj", "{3378CE5F-F1E7-4765-8AC9-4F07751F0D0E}"
EndProject
Project("{9A19103F-16F7-4668-BE54-9A1E7A4F7556}") = "Bookstore.Service", "Bookstore.Service\Bookstore.Service.csproj", "{444CC6E3-D22C-45D7-9799-556B2E4B2044}"
EndProject
Project("{9A19103F-16F7-4668-BE54-9A1E7A4F7556}") = "Bookstore.WebAPI", "Bookstore.WebAPI\Bookstore.WebAPI.csproj", "{8E863087-FC95-4B8A-A496-634F1FCF12C1}"
EndProject
Project("{2150E333-8FDC-42A3-9474-1A3956D46DE8}") = "CarManufacturer.Data.project", "CarManufacturer.Data.project", "{94FAE349-A4BC-4D40-8488-2D3941DA7E2D}"
EndProject
Project("{9A19103F-16F7-4668-BE54-9A1E7A4F7556}") = "CarHire.Data", "CarHire,.Data\CarHire.Data.csproj", "{034BEF5E-8B0B-416A-BB25-81DB0A66688D}"
EndProject
Project("{9A19103F-16F7-4668-BE54-9A1E7A4F7556}") = "CarHire.Service", "CarHire.Service\CarHire.Service.csproj", "{8994BC58-F427-45C6-B126-C6D19BD61B31}"
EndProject
Project("{9A19103F-16F7-4668-BE54-9A1E7A4F7556}") = "CarHireWebAPI", "WebApplication3\CarHireWebAPI.csproj", "{A8C56BF0-9BE2-479F-AC9C-98C5B7D2E939}"
EndProject
Project("{2150E333-8FDC-42A3-9474-1A3956D46DE8}") = "Gaming Store", "Gaming Store", "{24B07961-38FC-4ECD-A3F3-E3C4B1AF5959}"
EndProject
Project("{FAE04EC0-301F-11D3-BF4B-00C04F79EFBC}") = "GamingStore.Data", "GamingStore.Data\GamingStore.Data.csproj", "{1F89DC16-4C5F-42EB-8176-B0D15F9AEB0A}"
EndProject
Project("{FAE04EC0-301F-11D3-BF4B-00C04F79EFBC}") = "GameStore.Service", "GameStore.Service\GameStore.Service.csproj", "{84840AF1-B275-4E0D-B196-32D792673527}"
EndProject
Project("{FAE04EC0-301F-11D3-BF4B-00C04F79EFBC}") = "GamingStoreWebAPI", "GamingStoreWebAPI\GamingStoreWebAPI.csproj", "{5A777370-FBA8-4213-9D6D-C69C7692CE2D}"
EndProject
Global
	GlobalSection(SolutionConfigurationPlatforms) = preSolution
		Debug|Any CPU = Debug|Any CPU
		Release|Any CPU = Release|Any CPU
	EndGlobalSection
	GlobalSection(ProjectConfigurationPlatforms) = postSolution
		{3378CE5F-F1E7-4765-8AC9-4F07751F0D0E}.Debug|Any CPU.ActiveCfg = Debug|Any CPU
		{3378CE5F-F1E7-4765-8AC9-4F07751F0D0E}.Debug|Any CPU.Build.0 = Debug|Any CPU
		{3378CE5F-F1E7-4765-8AC9-4F07751F0D0E}.Release|Any CPU.ActiveCfg = Release|Any CPU
		{3378CE5F-F1E7-4765-8AC9-4F07751F0D0E}.Release|Any CPU.Build.0 = Release|Any CPU
		{444CC6E3-D22C-45D7-9799-556B2E4B2044}.Debug|Any CPU.ActiveCfg = Debug|Any CPU
		{444CC6E3-D22C-45D7-9799-556B2E4B2044}.Debug|Any CPU.Build.0 = Debug|Any CPU
		{444CC6E3-D22C-45D7-9799-556B2E4B2044}.Release|Any CPU.ActiveCfg = Release|Any CPU
		{444CC6E3-D22C-45D7-9799-556B2E4B2044}.Release|Any CPU.Build.0 = Release|Any CPU
		{8E863087-FC95-4B8A-A496-634F1FCF12C1}.Debug|Any CPU.ActiveCfg = Debug|Any CPU
		{8E863087-FC95-4B8A-A496-634F1FCF12C1}.Debug|Any CPU.Build.0 = Debug|Any CPU
		{8E863087-FC95-4B8A-A496-634F1FCF12C1}.Release|Any CPU.ActiveCfg = Release|Any CPU
		{8E863087-FC95-4B8A-A496-634F1FCF12C1}.Release|Any CPU.Build.0 = Release|Any CPU
		{034BEF5E-8B0B-416A-BB25-81DB0A66688D}.Debug|Any CPU.ActiveCfg = Debug|Any CPU
		{034BEF5E-8B0B-416A-BB25-81DB0A66688D}.Debug|Any CPU.Build.0 = Debug|Any CPU
		{034BEF5E-8B0B-416A-BB25-81DB0A66688D}.Release|Any CPU.ActiveCfg = Release|Any CPU
		{034BEF5E-8B0B-416A-BB25-81DB0A66688D}.Release|Any CPU.Build.0 = Release|Any CPU
		{8994BC58-F427-45C6-B126-C6D19BD61B31}.Debug|Any CPU.ActiveCfg = Debug|Any CPU
		{8994BC58-F427-45C6-B126-C6D19BD61B31}.Debug|Any CPU.Build.0 = Debug|Any CPU
		{8994BC58-F427-45C6-B126-C6D19BD61B31}.Release|Any CPU.ActiveCfg = Release|Any CPU
		{8994BC58-F427-45C6-B126-C6D19BD61B31}.Release|Any CPU.Build.0 = Release|Any CPU
		{A8C56BF0-9BE2-479F-AC9C-98C5B7D2E939}.Debug|Any CPU.ActiveCfg = Debug|Any CPU
		{A8C56BF0-9BE2-479F-AC9C-98C5B7D2E939}.Debug|Any CPU.Build.0 = Debug|Any CPU
		{A8C56BF0-9BE2-479F-AC9C-98C5B7D2E939}.Release|Any CPU.ActiveCfg = Release|Any CPU
		{A8C56BF0-9BE2-479F-AC9C-98C5B7D2E939}.Release|Any CPU.Build.0 = Release|Any CPU
		{1F89DC16-4C5F-42EB-8176-B0D15F9AEB0A}.Debug|Any CPU.ActiveCfg = Debug|Any CPU
		{1F89DC16-4C5F-42EB-8176-B0D15F9AEB0A}.Debug|Any CPU.Build.0 = Debug|Any CPU
		{1F89DC16-4C5F-42EB-8176-B0D15F9AEB0A}.Release|Any CPU.ActiveCfg = Release|Any CPU
		{1F89DC16-4C5F-42EB-8176-B0D15F9AEB0A}.Release|Any CPU.Build.0 = Release|Any CPU
		{84840AF1-B275-4E0D-B196-32D792673527}.Debug|Any CPU.ActiveCfg = Debug|Any CPU
		{84840AF1-B275-4E0D-B196-32D792673527}.Debug|Any CPU.Build.0 = Debug|Any CPU
		{84840AF1-B275-4E0D-B196-32D792673527}.Release|Any CPU.ActiveCfg = Release|Any CPU
		{84840AF1-B275-4E0D-B196-32D792673527}.Release|Any CPU.Build.0 = Release|Any CPU
		{5A777370-FBA8-4213-9D6D-C69C7692CE2D}.Debug|Any CPU.ActiveCfg = Debug|Any CPU
		{5A777370-FBA8-4213-9D6D-C69C7692CE2D}.Debug|Any CPU.Build.0 = Debug|Any CPU
		{5A777370-FBA8-4213-9D6D-C69C7692CE2D}.Release|Any CPU.ActiveCfg = Release|Any CPU
		{5A777370-FBA8-4213-9D6D-C69C7692CE2D}.Release|Any CPU.Build.0 = Release|Any CPU
	EndGlobalSection
	GlobalSection(SolutionProperties) = preSolution
		HideSolutionNode = FALSE
	EndGlobalSection
	GlobalSection(NestedProjects) = preSolution
		{034BEF5E-8B0B-416A-BB25-81DB0A66688D} = {94FAE349-A4BC-4D40-8488-2D3941DA7E2D}
		{8994BC58-F427-45C6-B126-C6D19BD61B31} = {94FAE349-A4BC-4D40-8488-2D3941DA7E2D}
		{A8C56BF0-9BE2-479F-AC9C-98C5B7D2E939} = {94FAE349-A4BC-4D40-8488-2D3941DA7E2D}
		{1F89DC16-4C5F-42EB-8176-B0D15F9AEB0A} = {24B07961-38FC-4ECD-A3F3-E3C4B1AF5959}
		{84840AF1-B275-4E0D-B196-32D792673527} = {24B07961-38FC-4ECD-A3F3-E3C4B1AF5959}
		{5A777370-FBA8-4213-9D6D-C69C7692CE2D} = {24B07961-38FC-4ECD-A3F3-E3C4B1AF5959}
	EndGlobalSection
	GlobalSection(ExtensibilityGlobals) = postSolution
		SolutionGuid = {68D4EB1C-EB70-4A01-8369-BD6FFFBD8BF4}
	EndGlobalSection
EndGlobal
